# @generated by Move, please check-in and do not edit manually.

[move]
version = 3
manifest_digest = "DEFD6CBABDA7995B3498F96A3390D82E282A3033077BE79CB34F21BF3291277E"
deps_digest = "F8BBB0CCB2491CA29A3DF03D6F92277A4F3574266507ACD77214D37ECA3F3082"
dependencies = [
  { id = "Sui", name = "Sui" },
]

[[move.package]]
id = "MoveStdlib"
source = { git = "https://github.com/MystenLabs/sui.git", rev = "testnet", subdir = "crates/sui-framework/packages/move-stdlib" }

[[move.package]]
id = "Sui"
source = { git = "https://github.com/MystenLabs/sui.git", rev = "testnet", subdir = "crates/sui-framework/packages/sui-framework" }

dependencies = [
  { id = "MoveStdlib", name = "MoveStdlib" },
]

[move.toolchain-version]
compiler-version = "1.37.3"
edition = "2024.beta"
flavor = "sui"

[env]

[env.testnet]
chain-id = "4c78adac"
original-published-id = "0x98942349ac688c7e670375509bcd9ad168026e545c220ecfe98f66a1013e0d0e"
latest-published-id = "0x98942349ac688c7e670375509bcd9ad168026e545c220ecfe98f66a1013e0d0e"
published-version = "1"
